
Microsoft Visual Studio Solution File, Format Version 12.00
# Visual Studio Version 17
VisualStudioVersion = 17.0.31912.275
MinimumVisualStudioVersion = 10.0.40219.1
Project("{FAE04EC0-301F-11D3-BF4B-00C04F79EFBC}") = "PruebaNuevosConceptos-Zbrun-", "PruebaNuevosConceptos-Zbrun-\PruebaNuevosConceptos-Zbrun-.csproj", "{501FFD1A-FFC4-46EB-9659-745A284D8B89}"
EndProject
Global
	GlobalSection(SolutionConfigurationPlatforms) = preSolution
		Debug|Any CPU = Debug|Any CPU
		Release|Any CPU = Release|Any CPU
	EndGlobalSection
	GlobalSection(ProjectConfigurationPlatforms) = postSolution
		{501FFD1A-FFC4-46EB-9659-745A284D8B89}.Debug|Any CPU.ActiveCfg = Debug|Any CPU
		{501FFD1A-FFC4-46EB-9659-745A284D8B89}.Debug|Any CPU.Build.0 = Debug|Any CPU
		{501FFD1A-FFC4-46EB-9659-745A284D8B89}.Release|Any CPU.ActiveCfg = Release|Any CPU
		{501FFD1A-FFC4-46EB-9659-745A284D8B89}.Release|Any CPU.Build.0 = Release|Any CPU
	EndGlobalSection
	GlobalSection(SolutionProperties) = preSolution
		HideSolutionNode = FALSE
	EndGlobalSection
	GlobalSection(ExtensibilityGlobals) = postSolution
		SolutionGuid = {4B7EA75F-D7C3-459E-9F20-5281CC5D49BD}
	EndGlobalSection
EndGlobal
